
Microsoft Visual Studio Solution File, Format Version 12.00
# Visual Studio Version 17
VisualStudioVersion = 17.5.002.0
MinimumVisualStudioVersion = 10.0.40219.1
Project("{2150E333-8FDC-42A3-9474-1A3956D46DE8}") = "sandbox", "sandbox", "{DDCCAD83-697E-4E1B-A18B-746FE0BFE2B8}"
EndProject
Project("{9A19103F-16F7-4668-BE54-9A1E7A4F7556}") = "sandbox_project", "sandbox\sandbox_project\sandbox_project.csproj", "{31CE5829-2755-45B8-9CA7-6518B6CFE615}"
EndProject
Project("{2150E333-8FDC-42A3-9474-1A3956D46DE8}") = "week01", "week01", "{BF6D5FA4-8A95-49CB-8D7D-EFDCEB6D4E59}"
EndProject
Project("{9A19103F-16F7-4668-BE54-9A1E7A4F7556}") = "analyze", "week01\analyze\analyze.csproj", "{DB46C7DA-2D79-4990-B3E2-7D0AA2743D87}"
EndProject
Project("{9A19103F-16F7-4668-BE54-9A1E7A4F7556}") = "code", "week01\code\code.csproj", "{E6E9E455-E512-4F7B-9EA6-92DC50BE410B}"
EndProject
Project("{9A19103F-16F7-4668-BE54-9A1E7A4F7556}") = "teach", "week01\teach\teach.csproj", "{9256394A-7C1A-44DB-9292-5CB2C3A8CCAE}"
EndProject
Project("{2150E333-8FDC-42A3-9474-1A3956D46DE8}") = "week02", "week02", "{CA57B9FB-C5D7-4F91-B51A-77CDB61E4B47}"
EndProject
Project("{9A19103F-16F7-4668-BE54-9A1E7A4F7556}") = "analyze", "week02\analyze\analyze.csproj", "{5C65A857-3EED-4F16-BA55-6D8CF8267832}"
EndProject
Project("{9A19103F-16F7-4668-BE54-9A1E7A4F7556}") = "code", "week02\code\code.csproj", "{0EA8CD04-1D05-4492-B20F-EFE656F3043B}"
EndProject
Project("{9A19103F-16F7-4668-BE54-9A1E7A4F7556}") = "learn", "week02\learn\learn.csproj", "{CEF28873-7265-4754-AB59-424369ACDC79}"
EndProject
Project("{9A19103F-16F7-4668-BE54-9A1E7A4F7556}") = "teach", "week02\teach\teach.csproj", "{84AD09BC-A0BB-4D67-9EA9-7FAAC2C34713}"
EndProject
Project("{2150E333-8FDC-42A3-9474-1A3956D46DE8}") = "week03", "week03", "{DB683E22-31A8-47F1-B874-2554A8F37BC4}"
EndProject
Project("{9A19103F-16F7-4668-BE54-9A1E7A4F7556}") = "code", "week03\code\code.csproj", "{017B7976-5563-42D5-BB50-671AC774E582}"
EndProject
Project("{9A19103F-16F7-4668-BE54-9A1E7A4F7556}") = "learn", "week03\learn\learn.csproj", "{F1A34484-7B66-4283-A19E-43E737EF15BD}"
EndProject
Project("{9A19103F-16F7-4668-BE54-9A1E7A4F7556}") = "teach", "week03\teach\teach.csproj", "{FA694205-DAA0-46AE-A211-D662524DE9D5}"
EndProject
Project("{2150E333-8FDC-42A3-9474-1A3956D46DE8}") = "week04", "week04", "{B77A01A0-5B31-4498-9034-E89AF1EA2CAE}"
EndProject
Project("{9A19103F-16F7-4668-BE54-9A1E7A4F7556}") = "code", "week04\code\code.csproj", "{C0D29026-08E6-4213-8385-C386D15CEA6A}"
EndProject
Project("{2150E333-8FDC-42A3-9474-1A3956D46DE8}") = "week05", "week05", "{09142DC5-BE54-4B16-B9D8-3513C0337B4C}"
EndProject
Project("{9A19103F-16F7-4668-BE54-9A1E7A4F7556}") = "code", "week05\code\code.csproj", "{71E8F023-A52E-4CC7-BD78-22EC76C5F073}"
EndProject
Project("{2150E333-8FDC-42A3-9474-1A3956D46DE8}") = "week06", "week06", "{8328543C-FC6E-4430-A5E9-749C67D4F9EB}"
EndProject
Project("{9A19103F-16F7-4668-BE54-9A1E7A4F7556}") = "code", "week06\code\code.csproj", "{0812294A-591A-4D00-8DA8-AEC03B2D2913}"
EndProject
Global
	GlobalSection(SolutionConfigurationPlatforms) = preSolution
		Debug|Any CPU = Debug|Any CPU
		Release|Any CPU = Release|Any CPU
	EndGlobalSection
	GlobalSection(ProjectConfigurationPlatforms) = postSolution
		{31CE5829-2755-45B8-9CA7-6518B6CFE615}.Debug|Any CPU.ActiveCfg = Debug|Any CPU
		{31CE5829-2755-45B8-9CA7-6518B6CFE615}.Debug|Any CPU.Build.0 = Debug|Any CPU
		{31CE5829-2755-45B8-9CA7-6518B6CFE615}.Release|Any CPU.ActiveCfg = Release|Any CPU
		{31CE5829-2755-45B8-9CA7-6518B6CFE615}.Release|Any CPU.Build.0 = Release|Any CPU
		{DB46C7DA-2D79-4990-B3E2-7D0AA2743D87}.Debug|Any CPU.ActiveCfg = Debug|Any CPU
		{DB46C7DA-2D79-4990-B3E2-7D0AA2743D87}.Debug|Any CPU.Build.0 = Debug|Any CPU
		{DB46C7DA-2D79-4990-B3E2-7D0AA2743D87}.Release|Any CPU.ActiveCfg = Release|Any CPU
		{DB46C7DA-2D79-4990-B3E2-7D0AA2743D87}.Release|Any CPU.Build.0 = Release|Any CPU
		{E6E9E455-E512-4F7B-9EA6-92DC50BE410B}.Debug|Any CPU.ActiveCfg = Debug|Any CPU
		{E6E9E455-E512-4F7B-9EA6-92DC50BE410B}.Debug|Any CPU.Build.0 = Debug|Any CPU
		{E6E9E455-E512-4F7B-9EA6-92DC50BE410B}.Release|Any CPU.ActiveCfg = Release|Any CPU
		{E6E9E455-E512-4F7B-9EA6-92DC50BE410B}.Release|Any CPU.Build.0 = Release|Any CPU
		{9256394A-7C1A-44DB-9292-5CB2C3A8CCAE}.Debug|Any CPU.ActiveCfg = Debug|Any CPU
		{9256394A-7C1A-44DB-9292-5CB2C3A8CCAE}.Debug|Any CPU.Build.0 = Debug|Any CPU
		{9256394A-7C1A-44DB-9292-5CB2C3A8CCAE}.Release|Any CPU.ActiveCfg = Release|Any CPU
		{9256394A-7C1A-44DB-9292-5CB2C3A8CCAE}.Release|Any CPU.Build.0 = Release|Any CPU
		{5C65A857-3EED-4F16-BA55-6D8CF8267832}.Debug|Any CPU.ActiveCfg = Debug|Any CPU
		{5C65A857-3EED-4F16-BA55-6D8CF8267832}.Debug|Any CPU.Build.0 = Debug|Any CPU
		{5C65A857-3EED-4F16-BA55-6D8CF8267832}.Release|Any CPU.ActiveCfg = Release|Any CPU
		{5C65A857-3EED-4F16-BA55-6D8CF8267832}.Release|Any CPU.Build.0 = Release|Any CPU
		{0EA8CD04-1D05-4492-B20F-EFE656F3043B}.Debug|Any CPU.ActiveCfg = Debug|Any CPU
		{0EA8CD04-1D05-4492-B20F-EFE656F3043B}.Debug|Any CPU.Build.0 = Debug|Any CPU
		{0EA8CD04-1D05-4492-B20F-EFE656F3043B}.Release|Any CPU.ActiveCfg = Release|Any CPU
		{0EA8CD04-1D05-4492-B20F-EFE656F3043B}.Release|Any CPU.Build.0 = Release|Any CPU
		{CEF28873-7265-4754-AB59-424369ACDC79}.Debug|Any CPU.ActiveCfg = Debug|Any CPU
		{CEF28873-7265-4754-AB59-424369ACDC79}.Debug|Any CPU.Build.0 = Debug|Any CPU
		{CEF28873-7265-4754-AB59-424369ACDC79}.Release|Any CPU.ActiveCfg = Release|Any CPU
		{CEF28873-7265-4754-AB59-424369ACDC79}.Release|Any CPU.Build.0 = Release|Any CPU
		{84AD09BC-A0BB-4D67-9EA9-7FAAC2C34713}.Debug|Any CPU.ActiveCfg = Debug|Any CPU
		{84AD09BC-A0BB-4D67-9EA9-7FAAC2C34713}.Debug|Any CPU.Build.0 = Debug|Any CPU
		{84AD09BC-A0BB-4D67-9EA9-7FAAC2C34713}.Release|Any CPU.ActiveCfg = Release|Any CPU
		{84AD09BC-A0BB-4D67-9EA9-7FAAC2C34713}.Release|Any CPU.Build.0 = Release|Any CPU
		{017B7976-5563-42D5-BB50-671AC774E582}.Debug|Any CPU.ActiveCfg = Debug|Any CPU
		{017B7976-5563-42D5-BB50-671AC774E582}.Debug|Any CPU.Build.0 = Debug|Any CPU
		{017B7976-5563-42D5-BB50-671AC774E582}.Release|Any CPU.ActiveCfg = Release|Any CPU
		{017B7976-5563-42D5-BB50-671AC774E582}.Release|Any CPU.Build.0 = Release|Any CPU
		{F1A34484-7B66-4283-A19E-43E737EF15BD}.Debug|Any CPU.ActiveCfg = Debug|Any CPU
		{F1A34484-7B66-4283-A19E-43E737EF15BD}.Debug|Any CPU.Build.0 = Debug|Any CPU
		{F1A34484-7B66-4283-A19E-43E737EF15BD}.Release|Any CPU.ActiveCfg = Release|Any CPU
		{F1A34484-7B66-4283-A19E-43E737EF15BD}.Release|Any CPU.Build.0 = Release|Any CPU
		{FA694205-DAA0-46AE-A211-D662524DE9D5}.Debug|Any CPU.ActiveCfg = Debug|Any CPU
		{FA694205-DAA0-46AE-A211-D662524DE9D5}.Debug|Any CPU.Build.0 = Debug|Any CPU
		{FA694205-DAA0-46AE-A211-D662524DE9D5}.Release|Any CPU.ActiveCfg = Release|Any CPU
		{FA694205-DAA0-46AE-A211-D662524DE9D5}.Release|Any CPU.Build.0 = Release|Any CPU
		{C0D29026-08E6-4213-8385-C386D15CEA6A}.Debug|Any CPU.ActiveCfg = Debug|Any CPU
		{C0D29026-08E6-4213-8385-C386D15CEA6A}.Debug|Any CPU.Build.0 = Debug|Any CPU
		{C0D29026-08E6-4213-8385-C386D15CEA6A}.Release|Any CPU.ActiveCfg = Release|Any CPU
		{C0D29026-08E6-4213-8385-C386D15CEA6A}.Release|Any CPU.Build.0 = Release|Any CPU
		{71E8F023-A52E-4CC7-BD78-22EC76C5F073}.Debug|Any CPU.ActiveCfg = Debug|Any CPU
		{71E8F023-A52E-4CC7-BD78-22EC76C5F073}.Debug|Any CPU.Build.0 = Debug|Any CPU
		{71E8F023-A52E-4CC7-BD78-22EC76C5F073}.Release|Any CPU.ActiveCfg = Release|Any CPU
		{71E8F023-A52E-4CC7-BD78-22EC76C5F073}.Release|Any CPU.Build.0 = Release|Any CPU
		{0812294A-591A-4D00-8DA8-AEC03B2D2913}.Debug|Any CPU.ActiveCfg = Debug|Any CPU
		{0812294A-591A-4D00-8DA8-AEC03B2D2913}.Debug|Any CPU.Build.0 = Debug|Any CPU
		{0812294A-591A-4D00-8DA8-AEC03B2D2913}.Release|Any CPU.ActiveCfg = Release|Any CPU
		{0812294A-591A-4D00-8DA8-AEC03B2D2913}.Release|Any CPU.Build.0 = Release|Any CPU
	EndGlobalSection
	GlobalSection(SolutionProperties) = preSolution
		HideSolutionNode = FALSE
	EndGlobalSection
	GlobalSection(NestedProjects) = preSolution
		{31CE5829-2755-45B8-9CA7-6518B6CFE615} = {DDCCAD83-697E-4E1B-A18B-746FE0BFE2B8}
		{DB46C7DA-2D79-4990-B3E2-7D0AA2743D87} = {BF6D5FA4-8A95-49CB-8D7D-EFDCEB6D4E59}
		{E6E9E455-E512-4F7B-9EA6-92DC50BE410B} = {BF6D5FA4-8A95-49CB-8D7D-EFDCEB6D4E59}
		{9256394A-7C1A-44DB-9292-5CB2C3A8CCAE} = {BF6D5FA4-8A95-49CB-8D7D-EFDCEB6D4E59}
		{5C65A857-3EED-4F16-BA55-6D8CF8267832} = {CA57B9FB-C5D7-4F91-B51A-77CDB61E4B47}
		{0EA8CD04-1D05-4492-B20F-EFE656F3043B} = {CA57B9FB-C5D7-4F91-B51A-77CDB61E4B47}
		{CEF28873-7265-4754-AB59-424369ACDC79} = {CA57B9FB-C5D7-4F91-B51A-77CDB61E4B47}
		{84AD09BC-A0BB-4D67-9EA9-7FAAC2C34713} = {CA57B9FB-C5D7-4F91-B51A-77CDB61E4B47}
		{017B7976-5563-42D5-BB50-671AC774E582} = {DB683E22-31A8-47F1-B874-2554A8F37BC4}
		{F1A34484-7B66-4283-A19E-43E737EF15BD} = {DB683E22-31A8-47F1-B874-2554A8F37BC4}
		{FA694205-DAA0-46AE-A211-D662524DE9D5} = {DB683E22-31A8-47F1-B874-2554A8F37BC4}
		{C0D29026-08E6-4213-8385-C386D15CEA6A} = {B77A01A0-5B31-4498-9034-E89AF1EA2CAE}
		{71E8F023-A52E-4CC7-BD78-22EC76C5F073} = {09142DC5-BE54-4B16-B9D8-3513C0337B4C}
		{0812294A-591A-4D00-8DA8-AEC03B2D2913} = {8328543C-FC6E-4430-A5E9-749C67D4F9EB}
	EndGlobalSection
	GlobalSection(ExtensibilityGlobals) = postSolution
		SolutionGuid = {6F22A7F7-0597-43CD-BD13-5A01F7B7D995}
	EndGlobalSection
EndGlobal
